
Microsoft Visual Studio Solution File, Format Version 12.00
# Visual Studio 15
VisualStudioVersion = 15.0.27703.2042
MinimumVisualStudioVersion = 10.0.40219.1
Project("{9A19103F-16F7-4668-BE54-9A1E7A4F7556}") = "PeopleSearch.API", "PeopleSearch.API.csproj", "{9F105922-F045-41B2-967F-01658EAFDD58}"
EndProject
Project("{FAE04EC0-301F-11D3-BF4B-00C04F79EFBC}") = "PeopleSearch.Tests", "..\PeopleSearch.Tests\PeopleSearch.Tests.csproj", "{0EA89DA8-81C5-4375-8338-E5F078154C04}"
EndProject
Global
	GlobalSection(SolutionConfigurationPlatforms) = preSolution
		Debug|Any CPU = Debug|Any CPU
		Release|Any CPU = Release|Any CPU
	EndGlobalSection
	GlobalSection(ProjectConfigurationPlatforms) = postSolution
		{9F105922-F045-41B2-967F-01658EAFDD58}.Debug|Any CPU.ActiveCfg = Debug|Any CPU
		{9F105922-F045-41B2-967F-01658EAFDD58}.Debug|Any CPU.Build.0 = Debug|Any CPU
		{9F105922-F045-41B2-967F-01658EAFDD58}.Release|Any CPU.ActiveCfg = Release|Any CPU
		{9F105922-F045-41B2-967F-01658EAFDD58}.Release|Any CPU.Build.0 = Release|Any CPU
		{0EA89DA8-81C5-4375-8338-E5F078154C04}.Debug|Any CPU.ActiveCfg = Debug|Any CPU
		{0EA89DA8-81C5-4375-8338-E5F078154C04}.Debug|Any CPU.Build.0 = Debug|Any CPU
		{0EA89DA8-81C5-4375-8338-E5F078154C04}.Release|Any CPU.ActiveCfg = Release|Any CPU
		{0EA89DA8-81C5-4375-8338-E5F078154C04}.Release|Any CPU.Build.0 = Release|Any CPU
	EndGlobalSection
	GlobalSection(SolutionProperties) = preSolution
		HideSolutionNode = FALSE
	EndGlobalSection
	GlobalSection(ExtensibilityGlobals) = postSolution
		SolutionGuid = {BF97D2AE-D5B3-4CAA-96E2-2CA54D8B3751}
	EndGlobalSection
EndGlobal
